
Microsoft Visual Studio Solution File, Format Version 12.00
Project("{FAE04EC0-301F-11D3-BF4B-00C04F79EFBC}") = "Relay", "Relay\Relay.csproj", "{34C8D1DE-386F-442C-8463-DDDBA22C62C0}"
EndProject
Project("{FAE04EC0-301F-11D3-BF4B-00C04F79EFBC}") = "NNostr.Client", "NNostr.Client\NNostr.Client.csproj", "{F2788609-DE89-4D25-BE31-1DEFD263007E}"
EndProject
Project("{FAE04EC0-301F-11D3-BF4B-00C04F79EFBC}") = "NNostr.UI", "NNostr.UI\NNostr.UI.csproj", "{D226BB12-47BE-471F-B7D6-4AB92C3CFF2F}"
EndProject
Global
	GlobalSection(SolutionConfigurationPlatforms) = preSolution
		Debug|Any CPU = Debug|Any CPU
		Release|Any CPU = Release|Any CPU
	EndGlobalSection
	GlobalSection(ProjectConfigurationPlatforms) = postSolution
		{34C8D1DE-386F-442C-8463-DDDBA22C62C0}.Debug|Any CPU.ActiveCfg = Debug|Any CPU
		{34C8D1DE-386F-442C-8463-DDDBA22C62C0}.Debug|Any CPU.Build.0 = Debug|Any CPU
		{34C8D1DE-386F-442C-8463-DDDBA22C62C0}.Release|Any CPU.ActiveCfg = Release|Any CPU
		{34C8D1DE-386F-442C-8463-DDDBA22C62C0}.Release|Any CPU.Build.0 = Release|Any CPU
		{F2788609-DE89-4D25-BE31-1DEFD263007E}.Debug|Any CPU.ActiveCfg = Debug|Any CPU
		{F2788609-DE89-4D25-BE31-1DEFD263007E}.Debug|Any CPU.Build.0 = Debug|Any CPU
		{F2788609-DE89-4D25-BE31-1DEFD263007E}.Release|Any CPU.ActiveCfg = Release|Any CPU
		{F2788609-DE89-4D25-BE31-1DEFD263007E}.Release|Any CPU.Build.0 = Release|Any CPU
		{D226BB12-47BE-471F-B7D6-4AB92C3CFF2F}.Debug|Any CPU.ActiveCfg = Debug|Any CPU
		{D226BB12-47BE-471F-B7D6-4AB92C3CFF2F}.Debug|Any CPU.Build.0 = Debug|Any CPU
		{D226BB12-47BE-471F-B7D6-4AB92C3CFF2F}.Release|Any CPU.ActiveCfg = Release|Any CPU
		{D226BB12-47BE-471F-B7D6-4AB92C3CFF2F}.Release|Any CPU.Build.0 = Release|Any CPU
	EndGlobalSection
EndGlobal
